
Microsoft Visual Studio Solution File, Format Version 12.00
# Visual Studio Version 16
VisualStudioVersion = 16.0.29411.108
MinimumVisualStudioVersion = 10.0.40219.1
Project("{FAE04EC0-301F-11D3-BF4B-00C04F79EFBC}") = "Bamboo", "Bamboo\Bamboo.csproj", "{2AC54877-2B1A-4A42-BB64-8C547D793DB2}"
EndProject
Global
	GlobalSection(SolutionConfigurationPlatforms) = preSolution
		Debug|Any CPU = Debug|Any CPU
		Release|Any CPU = Release|Any CPU
	EndGlobalSection
	GlobalSection(ProjectConfigurationPlatforms) = postSolution
		{2AC54877-2B1A-4A42-BB64-8C547D793DB2}.Debug|Any CPU.ActiveCfg = Debug|Any CPU
		{2AC54877-2B1A-4A42-BB64-8C547D793DB2}.Debug|Any CPU.Build.0 = Debug|Any CPU
		{2AC54877-2B1A-4A42-BB64-8C547D793DB2}.Release|Any CPU.ActiveCfg = Release|Any CPU
		{2AC54877-2B1A-4A42-BB64-8C547D793DB2}.Release|Any CPU.Build.0 = Release|Any CPU
	EndGlobalSection
	GlobalSection(SolutionProperties) = preSolution
		HideSolutionNode = FALSE
	EndGlobalSection
	GlobalSection(ExtensibilityGlobals) = postSolution
		SolutionGuid = {BB043592-5972-42C5-A9C2-41D84C01D89B}
	EndGlobalSection
EndGlobal
